
Microsoft Visual Studio Solution File, Format Version 12.00
# Visual Studio Version 17
VisualStudioVersion = 17.0.31903.59
MinimumVisualStudioVersion = 10.0.40219.1
Project("{2150E333-8FDC-42A3-9474-1A3956D46DE8}") = "src", "src", "{827E0CD3-B72D-47B6-A68D-7590B98EB39B}"
EndProject
Project("{FAE04EC0-301F-11D3-BF4B-00C04F79EFBC}") = "EmployeeService", "src\EmployeeService\EmployeeService.csproj", "{E04331CF-D2F6-4410-A166-07B2A6036B76}"
EndProject
Project("{FAE04EC0-301F-11D3-BF4B-00C04F79EFBC}") = "OnboardingService", "src\OnboardingService\OnboardingService.csproj", "{2CBB6F6A-265D-44DE-9C77-D4E6BC480D4F}"
EndProject
Project("{FAE04EC0-301F-11D3-BF4B-00C04F79EFBC}") = "PerformanceService", "src\PerformanceService\PerformanceService.csproj", "{75762B7C-14F7-49D6-8676-65CD88447C3A}"
EndProject
Project("{FAE04EC0-301F-11D3-BF4B-00C04F79EFBC}") = "MeritService", "src\MeritService\MeritService.csproj", "{4A8BC50C-1249-4475-AEE5-F1C7F5A5307D}"
EndProject
Project("{FAE04EC0-301F-11D3-BF4B-00C04F79EFBC}") = "OffboardingService", "src\OffboardingService\OffboardingService.csproj", "{71A972A4-B9DC-4CD8-B280-E82D5B37FCE0}"
EndProject
Project("{2150E333-8FDC-42A3-9474-1A3956D46DE8}") = "tests", "tests", "{0AB3BF05-4346-4AA6-1389-037BE0695223}"
EndProject
Project("{FAE04EC0-301F-11D3-BF4B-00C04F79EFBC}") = "EmployeeService.Tests", "tests\EmployeeService.Tests\EmployeeService.Tests.csproj", "{55698E38-F48B-4DE3-98E9-B18C494C35D6}"
EndProject
Project("{FAE04EC0-301F-11D3-BF4B-00C04F79EFBC}") = "OnboardingService.Tests", "tests\OnboardingService.Tests\OnboardingService.Tests.csproj", "{B081E11A-45F3-4411-ADB0-B31A7F1870A7}"
EndProject
Project("{FAE04EC0-301F-11D3-BF4B-00C04F79EFBC}") = "PerformanceService.Tests", "tests\PerformanceService.Tests\PerformanceService.Tests.csproj", "{E36C7A1F-2DB8-46B4-9901-776E76CE1F2C}"
EndProject
Project("{FAE04EC0-301F-11D3-BF4B-00C04F79EFBC}") = "MeritService.Tests", "tests\MeritService.Tests\MeritService.Tests.csproj", "{05532FF9-81AB-48A6-960E-25815CD9673E}"
EndProject
Project("{FAE04EC0-301F-11D3-BF4B-00C04F79EFBC}") = "OffboardingService.Tests", "tests\OffboardingService.Tests\OffboardingService.Tests.csproj", "{E8729C22-52C1-46CD-AF3B-464CF570B667}"
EndProject
Project("{FAE04EC0-301F-11D3-BF4B-00C04F79EFBC}") = "Contract.Tests", "tests\Contract.Tests\Contract.Tests.csproj", "{AAE924AE-255F-40DC-8387-A6E08D2BE42C}"
EndProject
Project("{FAE04EC0-301F-11D3-BF4B-00C04F79EFBC}") = "AppHost", "src\AppHost\AppHost.csproj", "{10FA201F-59FD-41CF-952F-85FE9E856B08}"
EndProject
Global
	GlobalSection(SolutionConfigurationPlatforms) = preSolution
		Debug|Any CPU = Debug|Any CPU
		Debug|x64 = Debug|x64
		Debug|x86 = Debug|x86
		Release|Any CPU = Release|Any CPU
		Release|x64 = Release|x64
		Release|x86 = Release|x86
	EndGlobalSection
	GlobalSection(ProjectConfigurationPlatforms) = postSolution
		{E04331CF-D2F6-4410-A166-07B2A6036B76}.Debug|Any CPU.ActiveCfg = Debug|Any CPU
		{E04331CF-D2F6-4410-A166-07B2A6036B76}.Debug|Any CPU.Build.0 = Debug|Any CPU
		{E04331CF-D2F6-4410-A166-07B2A6036B76}.Debug|x64.ActiveCfg = Debug|Any CPU
		{E04331CF-D2F6-4410-A166-07B2A6036B76}.Debug|x64.Build.0 = Debug|Any CPU
		{E04331CF-D2F6-4410-A166-07B2A6036B76}.Debug|x86.ActiveCfg = Debug|Any CPU
		{E04331CF-D2F6-4410-A166-07B2A6036B76}.Debug|x86.Build.0 = Debug|Any CPU
		{E04331CF-D2F6-4410-A166-07B2A6036B76}.Release|Any CPU.ActiveCfg = Release|Any CPU
		{E04331CF-D2F6-4410-A166-07B2A6036B76}.Release|Any CPU.Build.0 = Release|Any CPU
		{E04331CF-D2F6-4410-A166-07B2A6036B76}.Release|x64.ActiveCfg = Release|Any CPU
		{E04331CF-D2F6-4410-A166-07B2A6036B76}.Release|x64.Build.0 = Release|Any CPU
		{E04331CF-D2F6-4410-A166-07B2A6036B76}.Release|x86.ActiveCfg = Release|Any CPU
		{E04331CF-D2F6-4410-A166-07B2A6036B76}.Release|x86.Build.0 = Release|Any CPU
		{2CBB6F6A-265D-44DE-9C77-D4E6BC480D4F}.Debug|Any CPU.ActiveCfg = Debug|Any CPU
		{2CBB6F6A-265D-44DE-9C77-D4E6BC480D4F}.Debug|Any CPU.Build.0 = Debug|Any CPU
		{2CBB6F6A-265D-44DE-9C77-D4E6BC480D4F}.Debug|x64.ActiveCfg = Debug|Any CPU
		{2CBB6F6A-265D-44DE-9C77-D4E6BC480D4F}.Debug|x64.Build.0 = Debug|Any CPU
		{2CBB6F6A-265D-44DE-9C77-D4E6BC480D4F}.Debug|x86.ActiveCfg = Debug|Any CPU
		{2CBB6F6A-265D-44DE-9C77-D4E6BC480D4F}.Debug|x86.Build.0 = Debug|Any CPU
		{2CBB6F6A-265D-44DE-9C77-D4E6BC480D4F}.Release|Any CPU.ActiveCfg = Release|Any CPU
		{2CBB6F6A-265D-44DE-9C77-D4E6BC480D4F}.Release|Any CPU.Build.0 = Release|Any CPU
		{2CBB6F6A-265D-44DE-9C77-D4E6BC480D4F}.Release|x64.ActiveCfg = Release|Any CPU
		{2CBB6F6A-265D-44DE-9C77-D4E6BC480D4F}.Release|x64.Build.0 = Release|Any CPU
		{2CBB6F6A-265D-44DE-9C77-D4E6BC480D4F}.Release|x86.ActiveCfg = Release|Any CPU
		{2CBB6F6A-265D-44DE-9C77-D4E6BC480D4F}.Release|x86.Build.0 = Release|Any CPU
		{75762B7C-14F7-49D6-8676-65CD88447C3A}.Debug|Any CPU.ActiveCfg = Debug|Any CPU
		{75762B7C-14F7-49D6-8676-65CD88447C3A}.Debug|Any CPU.Build.0 = Debug|Any CPU
		{75762B7C-14F7-49D6-8676-65CD88447C3A}.Debug|x64.ActiveCfg = Debug|Any CPU
		{75762B7C-14F7-49D6-8676-65CD88447C3A}.Debug|x64.Build.0 = Debug|Any CPU
		{75762B7C-14F7-49D6-8676-65CD88447C3A}.Debug|x86.ActiveCfg = Debug|Any CPU
		{75762B7C-14F7-49D6-8676-65CD88447C3A}.Debug|x86.Build.0 = Debug|Any CPU
		{75762B7C-14F7-49D6-8676-65CD88447C3A}.Release|Any CPU.ActiveCfg = Release|Any CPU
		{75762B7C-14F7-49D6-8676-65CD88447C3A}.Release|Any CPU.Build.0 = Release|Any CPU
		{75762B7C-14F7-49D6-8676-65CD88447C3A}.Release|x64.ActiveCfg = Release|Any CPU
		{75762B7C-14F7-49D6-8676-65CD88447C3A}.Release|x64.Build.0 = Release|Any CPU
		{75762B7C-14F7-49D6-8676-65CD88447C3A}.Release|x86.ActiveCfg = Release|Any CPU
		{75762B7C-14F7-49D6-8676-65CD88447C3A}.Release|x86.Build.0 = Release|Any CPU
		{4A8BC50C-1249-4475-AEE5-F1C7F5A5307D}.Debug|Any CPU.ActiveCfg = Debug|Any CPU
		{4A8BC50C-1249-4475-AEE5-F1C7F5A5307D}.Debug|Any CPU.Build.0 = Debug|Any CPU
		{4A8BC50C-1249-4475-AEE5-F1C7F5A5307D}.Debug|x64.ActiveCfg = Debug|Any CPU
		{4A8BC50C-1249-4475-AEE5-F1C7F5A5307D}.Debug|x64.Build.0 = Debug|Any CPU
		{4A8BC50C-1249-4475-AEE5-F1C7F5A5307D}.Debug|x86.ActiveCfg = Debug|Any CPU
		{4A8BC50C-1249-4475-AEE5-F1C7F5A5307D}.Debug|x86.Build.0 = Debug|Any CPU
		{4A8BC50C-1249-4475-AEE5-F1C7F5A5307D}.Release|Any CPU.ActiveCfg = Release|Any CPU
		{4A8BC50C-1249-4475-AEE5-F1C7F5A5307D}.Release|Any CPU.Build.0 = Release|Any CPU
		{4A8BC50C-1249-4475-AEE5-F1C7F5A5307D}.Release|x64.ActiveCfg = Release|Any CPU
		{4A8BC50C-1249-4475-AEE5-F1C7F5A5307D}.Release|x64.Build.0 = Release|Any CPU
		{4A8BC50C-1249-4475-AEE5-F1C7F5A5307D}.Release|x86.ActiveCfg = Release|Any CPU
		{4A8BC50C-1249-4475-AEE5-F1C7F5A5307D}.Release|x86.Build.0 = Release|Any CPU
		{71A972A4-B9DC-4CD8-B280-E82D5B37FCE0}.Debug|Any CPU.ActiveCfg = Debug|Any CPU
		{71A972A4-B9DC-4CD8-B280-E82D5B37FCE0}.Debug|Any CPU.Build.0 = Debug|Any CPU
		{71A972A4-B9DC-4CD8-B280-E82D5B37FCE0}.Debug|x64.ActiveCfg = Debug|Any CPU
		{71A972A4-B9DC-4CD8-B280-E82D5B37FCE0}.Debug|x64.Build.0 = Debug|Any CPU
		{71A972A4-B9DC-4CD8-B280-E82D5B37FCE0}.Debug|x86.ActiveCfg = Debug|Any CPU
		{71A972A4-B9DC-4CD8-B280-E82D5B37FCE0}.Debug|x86.Build.0 = Debug|Any CPU
		{71A972A4-B9DC-4CD8-B280-E82D5B37FCE0}.Release|Any CPU.ActiveCfg = Release|Any CPU
		{71A972A4-B9DC-4CD8-B280-E82D5B37FCE0}.Release|Any CPU.Build.0 = Release|Any CPU
		{71A972A4-B9DC-4CD8-B280-E82D5B37FCE0}.Release|x64.ActiveCfg = Release|Any CPU
		{71A972A4-B9DC-4CD8-B280-E82D5B37FCE0}.Release|x64.Build.0 = Release|Any CPU
		{71A972A4-B9DC-4CD8-B280-E82D5B37FCE0}.Release|x86.ActiveCfg = Release|Any CPU
		{71A972A4-B9DC-4CD8-B280-E82D5B37FCE0}.Release|x86.Build.0 = Release|Any CPU
		{55698E38-F48B-4DE3-98E9-B18C494C35D6}.Debug|Any CPU.ActiveCfg = Debug|Any CPU
		{55698E38-F48B-4DE3-98E9-B18C494C35D6}.Debug|Any CPU.Build.0 = Debug|Any CPU
		{55698E38-F48B-4DE3-98E9-B18C494C35D6}.Debug|x64.ActiveCfg = Debug|Any CPU
		{55698E38-F48B-4DE3-98E9-B18C494C35D6}.Debug|x64.Build.0 = Debug|Any CPU
		{55698E38-F48B-4DE3-98E9-B18C494C35D6}.Debug|x86.ActiveCfg = Debug|Any CPU
		{55698E38-F48B-4DE3-98E9-B18C494C35D6}.Debug|x86.Build.0 = Debug|Any CPU
		{55698E38-F48B-4DE3-98E9-B18C494C35D6}.Release|Any CPU.ActiveCfg = Release|Any CPU
		{55698E38-F48B-4DE3-98E9-B18C494C35D6}.Release|Any CPU.Build.0 = Release|Any CPU
		{55698E38-F48B-4DE3-98E9-B18C494C35D6}.Release|x64.ActiveCfg = Release|Any CPU
		{55698E38-F48B-4DE3-98E9-B18C494C35D6}.Release|x64.Build.0 = Release|Any CPU
		{55698E38-F48B-4DE3-98E9-B18C494C35D6}.Release|x86.ActiveCfg = Release|Any CPU
		{55698E38-F48B-4DE3-98E9-B18C494C35D6}.Release|x86.Build.0 = Release|Any CPU
		{B081E11A-45F3-4411-ADB0-B31A7F1870A7}.Debug|Any CPU.ActiveCfg = Debug|Any CPU
		{B081E11A-45F3-4411-ADB0-B31A7F1870A7}.Debug|Any CPU.Build.0 = Debug|Any CPU
		{B081E11A-45F3-4411-ADB0-B31A7F1870A7}.Debug|x64.ActiveCfg = Debug|Any CPU
		{B081E11A-45F3-4411-ADB0-B31A7F1870A7}.Debug|x64.Build.0 = Debug|Any CPU
		{B081E11A-45F3-4411-ADB0-B31A7F1870A7}.Debug|x86.ActiveCfg = Debug|Any CPU
		{B081E11A-45F3-4411-ADB0-B31A7F1870A7}.Debug|x86.Build.0 = Debug|Any CPU
		{B081E11A-45F3-4411-ADB0-B31A7F1870A7}.Release|Any CPU.ActiveCfg = Release|Any CPU
		{B081E11A-45F3-4411-ADB0-B31A7F1870A7}.Release|Any CPU.Build.0 = Release|Any CPU
		{B081E11A-45F3-4411-ADB0-B31A7F1870A7}.Release|x64.ActiveCfg = Release|Any CPU
		{B081E11A-45F3-4411-ADB0-B31A7F1870A7}.Release|x64.Build.0 = Release|Any CPU
		{B081E11A-45F3-4411-ADB0-B31A7F1870A7}.Release|x86.ActiveCfg = Release|Any CPU
		{B081E11A-45F3-4411-ADB0-B31A7F1870A7}.Release|x86.Build.0 = Release|Any CPU
		{E36C7A1F-2DB8-46B4-9901-776E76CE1F2C}.Debug|Any CPU.ActiveCfg = Debug|Any CPU
		{E36C7A1F-2DB8-46B4-9901-776E76CE1F2C}.Debug|Any CPU.Build.0 = Debug|Any CPU
		{E36C7A1F-2DB8-46B4-9901-776E76CE1F2C}.Debug|x64.ActiveCfg = Debug|Any CPU
		{E36C7A1F-2DB8-46B4-9901-776E76CE1F2C}.Debug|x64.Build.0 = Debug|Any CPU
		{E36C7A1F-2DB8-46B4-9901-776E76CE1F2C}.Debug|x86.ActiveCfg = Debug|Any CPU
		{E36C7A1F-2DB8-46B4-9901-776E76CE1F2C}.Debug|x86.Build.0 = Debug|Any CPU
		{E36C7A1F-2DB8-46B4-9901-776E76CE1F2C}.Release|Any CPU.ActiveCfg = Release|Any CPU
		{E36C7A1F-2DB8-46B4-9901-776E76CE1F2C}.Release|Any CPU.Build.0 = Release|Any CPU
		{E36C7A1F-2DB8-46B4-9901-776E76CE1F2C}.Release|x64.ActiveCfg = Release|Any CPU
		{E36C7A1F-2DB8-46B4-9901-776E76CE1F2C}.Release|x64.Build.0 = Release|Any CPU
		{E36C7A1F-2DB8-46B4-9901-776E76CE1F2C}.Release|x86.ActiveCfg = Release|Any CPU
		{E36C7A1F-2DB8-46B4-9901-776E76CE1F2C}.Release|x86.Build.0 = Release|Any CPU
		{05532FF9-81AB-48A6-960E-25815CD9673E}.Debug|Any CPU.ActiveCfg = Debug|Any CPU
		{05532FF9-81AB-48A6-960E-25815CD9673E}.Debug|Any CPU.Build.0 = Debug|Any CPU
		{05532FF9-81AB-48A6-960E-25815CD9673E}.Debug|x64.ActiveCfg = Debug|Any CPU
		{05532FF9-81AB-48A6-960E-25815CD9673E}.Debug|x64.Build.0 = Debug|Any CPU
		{05532FF9-81AB-48A6-960E-25815CD9673E}.Debug|x86.ActiveCfg = Debug|Any CPU
		{05532FF9-81AB-48A6-960E-25815CD9673E}.Debug|x86.Build.0 = Debug|Any CPU
		{05532FF9-81AB-48A6-960E-25815CD9673E}.Release|Any CPU.ActiveCfg = Release|Any CPU
		{05532FF9-81AB-48A6-960E-25815CD9673E}.Release|Any CPU.Build.0 = Release|Any CPU
		{05532FF9-81AB-48A6-960E-25815CD9673E}.Release|x64.ActiveCfg = Release|Any CPU
		{05532FF9-81AB-48A6-960E-25815CD9673E}.Release|x64.Build.0 = Release|Any CPU
		{05532FF9-81AB-48A6-960E-25815CD9673E}.Release|x86.ActiveCfg = Release|Any CPU
		{05532FF9-81AB-48A6-960E-25815CD9673E}.Release|x86.Build.0 = Release|Any CPU
		{E8729C22-52C1-46CD-AF3B-464CF570B667}.Debug|Any CPU.ActiveCfg = Debug|Any CPU
		{E8729C22-52C1-46CD-AF3B-464CF570B667}.Debug|Any CPU.Build.0 = Debug|Any CPU
		{E8729C22-52C1-46CD-AF3B-464CF570B667}.Debug|x64.ActiveCfg = Debug|Any CPU
		{E8729C22-52C1-46CD-AF3B-464CF570B667}.Debug|x64.Build.0 = Debug|Any CPU
		{E8729C22-52C1-46CD-AF3B-464CF570B667}.Debug|x86.ActiveCfg = Debug|Any CPU
		{E8729C22-52C1-46CD-AF3B-464CF570B667}.Debug|x86.Build.0 = Debug|Any CPU
		{E8729C22-52C1-46CD-AF3B-464CF570B667}.Release|Any CPU.ActiveCfg = Release|Any CPU
		{E8729C22-52C1-46CD-AF3B-464CF570B667}.Release|Any CPU.Build.0 = Release|Any CPU
		{E8729C22-52C1-46CD-AF3B-464CF570B667}.Release|x64.ActiveCfg = Release|Any CPU
		{E8729C22-52C1-46CD-AF3B-464CF570B667}.Release|x64.Build.0 = Release|Any CPU
		{E8729C22-52C1-46CD-AF3B-464CF570B667}.Release|x86.ActiveCfg = Release|Any CPU
		{E8729C22-52C1-46CD-AF3B-464CF570B667}.Release|x86.Build.0 = Release|Any CPU
		{AAE924AE-255F-40DC-8387-A6E08D2BE42C}.Debug|Any CPU.ActiveCfg = Debug|Any CPU
		{AAE924AE-255F-40DC-8387-A6E08D2BE42C}.Debug|Any CPU.Build.0 = Debug|Any CPU
		{AAE924AE-255F-40DC-8387-A6E08D2BE42C}.Debug|x64.ActiveCfg = Debug|Any CPU
		{AAE924AE-255F-40DC-8387-A6E08D2BE42C}.Debug|x64.Build.0 = Debug|Any CPU
		{AAE924AE-255F-40DC-8387-A6E08D2BE42C}.Debug|x86.ActiveCfg = Debug|Any CPU
		{AAE924AE-255F-40DC-8387-A6E08D2BE42C}.Debug|x86.Build.0 = Debug|Any CPU
		{AAE924AE-255F-40DC-8387-A6E08D2BE42C}.Release|Any CPU.ActiveCfg = Release|Any CPU
		{AAE924AE-255F-40DC-8387-A6E08D2BE42C}.Release|Any CPU.Build.0 = Release|Any CPU
		{AAE924AE-255F-40DC-8387-A6E08D2BE42C}.Release|x64.ActiveCfg = Release|Any CPU
		{AAE924AE-255F-40DC-8387-A6E08D2BE42C}.Release|x64.Build.0 = Release|Any CPU
		{AAE924AE-255F-40DC-8387-A6E08D2BE42C}.Release|x86.ActiveCfg = Release|Any CPU
		{AAE924AE-255F-40DC-8387-A6E08D2BE42C}.Release|x86.Build.0 = Release|Any CPU
		{10FA201F-59FD-41CF-952F-85FE9E856B08}.Debug|Any CPU.ActiveCfg = Debug|Any CPU
		{10FA201F-59FD-41CF-952F-85FE9E856B08}.Debug|Any CPU.Build.0 = Debug|Any CPU
		{10FA201F-59FD-41CF-952F-85FE9E856B08}.Debug|x64.ActiveCfg = Debug|Any CPU
		{10FA201F-59FD-41CF-952F-85FE9E856B08}.Debug|x64.Build.0 = Debug|Any CPU
		{10FA201F-59FD-41CF-952F-85FE9E856B08}.Debug|x86.ActiveCfg = Debug|Any CPU
		{10FA201F-59FD-41CF-952F-85FE9E856B08}.Debug|x86.Build.0 = Debug|Any CPU
		{10FA201F-59FD-41CF-952F-85FE9E856B08}.Release|Any CPU.ActiveCfg = Release|Any CPU
		{10FA201F-59FD-41CF-952F-85FE9E856B08}.Release|Any CPU.Build.0 = Release|Any CPU
		{10FA201F-59FD-41CF-952F-85FE9E856B08}.Release|x64.ActiveCfg = Release|Any CPU
		{10FA201F-59FD-41CF-952F-85FE9E856B08}.Release|x64.Build.0 = Release|Any CPU
		{10FA201F-59FD-41CF-952F-85FE9E856B08}.Release|x86.ActiveCfg = Release|Any CPU
		{10FA201F-59FD-41CF-952F-85FE9E856B08}.Release|x86.Build.0 = Release|Any CPU
	EndGlobalSection
	GlobalSection(SolutionProperties) = preSolution
		HideSolutionNode = FALSE
	EndGlobalSection
	GlobalSection(NestedProjects) = preSolution
		{E04331CF-D2F6-4410-A166-07B2A6036B76} = {827E0CD3-B72D-47B6-A68D-7590B98EB39B}
		{2CBB6F6A-265D-44DE-9C77-D4E6BC480D4F} = {827E0CD3-B72D-47B6-A68D-7590B98EB39B}
		{75762B7C-14F7-49D6-8676-65CD88447C3A} = {827E0CD3-B72D-47B6-A68D-7590B98EB39B}
		{4A8BC50C-1249-4475-AEE5-F1C7F5A5307D} = {827E0CD3-B72D-47B6-A68D-7590B98EB39B}
		{71A972A4-B9DC-4CD8-B280-E82D5B37FCE0} = {827E0CD3-B72D-47B6-A68D-7590B98EB39B}
		{55698E38-F48B-4DE3-98E9-B18C494C35D6} = {0AB3BF05-4346-4AA6-1389-037BE0695223}
		{B081E11A-45F3-4411-ADB0-B31A7F1870A7} = {0AB3BF05-4346-4AA6-1389-037BE0695223}
		{E36C7A1F-2DB8-46B4-9901-776E76CE1F2C} = {0AB3BF05-4346-4AA6-1389-037BE0695223}
		{05532FF9-81AB-48A6-960E-25815CD9673E} = {0AB3BF05-4346-4AA6-1389-037BE0695223}
		{E8729C22-52C1-46CD-AF3B-464CF570B667} = {0AB3BF05-4346-4AA6-1389-037BE0695223}
		{AAE924AE-255F-40DC-8387-A6E08D2BE42C} = {0AB3BF05-4346-4AA6-1389-037BE0695223}
		{10FA201F-59FD-41CF-952F-85FE9E856B08} = {827E0CD3-B72D-47B6-A68D-7590B98EB39B}
	EndGlobalSection
EndGlobal
